
Microsoft Visual Studio Solution File, Format Version 12.00
# Visual Studio 15
VisualStudioVersion = 15.0.28307.421
MinimumVisualStudioVersion = 10.0.40219.1
Project("{FAE04EC0-301F-11D3-BF4B-00C04F79EFBC}") = "TP5.Android", "TP5\TP5.Android\TP5.Android.csproj", "{3E2BF1F6-4E6C-4135-8F84-5A7705D7FCCE}"
EndProject
Project("{FAE04EC0-301F-11D3-BF4B-00C04F79EFBC}") = "TP5.iOS", "TP5\TP5.iOS\TP5.iOS.csproj", "{E951AC0F-28D4-4BF6-8181-44E1218D584A}"
EndProject
Project("{FAE04EC0-301F-11D3-BF4B-00C04F79EFBC}") = "TP5.UWP", "TP5\TP5.UWP\TP5.UWP.csproj", "{A006D9D7-90EC-4562-88EF-86797A5CC107}"
EndProject
Project("{FAE04EC0-301F-11D3-BF4B-00C04F79EFBC}") = "TP5", "TP5\TP5\TP5.csproj", "{00BF3672-3ED4-40D7-80BF-9C2CC1F3EAF0}"
EndProject
Global
	GlobalSection(SolutionConfigurationPlatforms) = preSolution
		Ad-Hoc|Any CPU = Ad-Hoc|Any CPU
		Ad-Hoc|ARM = Ad-Hoc|ARM
		Ad-Hoc|iPhone = Ad-Hoc|iPhone
		Ad-Hoc|iPhoneSimulator = Ad-Hoc|iPhoneSimulator
		Ad-Hoc|x64 = Ad-Hoc|x64
		Ad-Hoc|x86 = Ad-Hoc|x86
		AppStore|Any CPU = AppStore|Any CPU
		AppStore|ARM = AppStore|ARM
		AppStore|iPhone = AppStore|iPhone
		AppStore|iPhoneSimulator = AppStore|iPhoneSimulator
		AppStore|x64 = AppStore|x64
		AppStore|x86 = AppStore|x86
		Debug|Any CPU = Debug|Any CPU
		Debug|ARM = Debug|ARM
		Debug|iPhone = Debug|iPhone
		Debug|iPhoneSimulator = Debug|iPhoneSimulator
		Debug|x64 = Debug|x64
		Debug|x86 = Debug|x86
		Release|Any CPU = Release|Any CPU
		Release|ARM = Release|ARM
		Release|iPhone = Release|iPhone
		Release|iPhoneSimulator = Release|iPhoneSimulator
		Release|x64 = Release|x64
		Release|x86 = Release|x86
	EndGlobalSection
	GlobalSection(ProjectConfigurationPlatforms) = postSolution
		{3E2BF1F6-4E6C-4135-8F84-5A7705D7FCCE}.Ad-Hoc|Any CPU.ActiveCfg = Release|Any CPU
		{3E2BF1F6-4E6C-4135-8F84-5A7705D7FCCE}.Ad-Hoc|Any CPU.Build.0 = Release|Any CPU
		{3E2BF1F6-4E6C-4135-8F84-5A7705D7FCCE}.Ad-Hoc|Any CPU.Deploy.0 = Release|Any CPU
		{3E2BF1F6-4E6C-4135-8F84-5A7705D7FCCE}.Ad-Hoc|ARM.ActiveCfg = Release|Any CPU
		{3E2BF1F6-4E6C-4135-8F84-5A7705D7FCCE}.Ad-Hoc|ARM.Build.0 = Release|Any CPU
		{3E2BF1F6-4E6C-4135-8F84-5A7705D7FCCE}.Ad-Hoc|ARM.Deploy.0 = Release|Any CPU
		{3E2BF1F6-4E6C-4135-8F84-5A7705D7FCCE}.Ad-Hoc|iPhone.ActiveCfg = Release|Any CPU
		{3E2BF1F6-4E6C-4135-8F84-5A7705D7FCCE}.Ad-Hoc|iPhone.Build.0 = Release|Any CPU
		{3E2BF1F6-4E6C-4135-8F84-5A7705D7FCCE}.Ad-Hoc|iPhone.Deploy.0 = Release|Any CPU
		{3E2BF1F6-4E6C-4135-8F84-5A7705D7FCCE}.Ad-Hoc|iPhoneSimulator.ActiveCfg = Release|Any CPU
		{3E2BF1F6-4E6C-4135-8F84-5A7705D7FCCE}.Ad-Hoc|iPhoneSimulator.Build.0 = Release|Any CPU
		{3E2BF1F6-4E6C-4135-8F84-5A7705D7FCCE}.Ad-Hoc|iPhoneSimulator.Deploy.0 = Release|Any CPU
		{3E2BF1F6-4E6C-4135-8F84-5A7705D7FCCE}.Ad-Hoc|x64.ActiveCfg = Release|Any CPU
		{3E2BF1F6-4E6C-4135-8F84-5A7705D7FCCE}.Ad-Hoc|x64.Build.0 = Release|Any CPU
		{3E2BF1F6-4E6C-4135-8F84-5A7705D7FCCE}.Ad-Hoc|x64.Deploy.0 = Release|Any CPU
		{3E2BF1F6-4E6C-4135-8F84-5A7705D7FCCE}.Ad-Hoc|x86.ActiveCfg = Release|Any CPU
		{3E2BF1F6-4E6C-4135-8F84-5A7705D7FCCE}.Ad-Hoc|x86.Build.0 = Release|Any CPU
		{3E2BF1F6-4E6C-4135-8F84-5A7705D7FCCE}.Ad-Hoc|x86.Deploy.0 = Release|Any CPU
		{3E2BF1F6-4E6C-4135-8F84-5A7705D7FCCE}.AppStore|Any CPU.ActiveCfg = Release|Any CPU
		{3E2BF1F6-4E6C-4135-8F84-5A7705D7FCCE}.AppStore|Any CPU.Build.0 = Release|Any CPU
		{3E2BF1F6-4E6C-4135-8F84-5A7705D7FCCE}.AppStore|Any CPU.Deploy.0 = Release|Any CPU
		{3E2BF1F6-4E6C-4135-8F84-5A7705D7FCCE}.AppStore|ARM.ActiveCfg = Release|Any CPU
		{3E2BF1F6-4E6C-4135-8F84-5A7705D7FCCE}.AppStore|ARM.Build.0 = Release|Any CPU
		{3E2BF1F6-4E6C-4135-8F84-5A7705D7FCCE}.AppStore|ARM.Deploy.0 = Release|Any CPU
		{3E2BF1F6-4E6C-4135-8F84-5A7705D7FCCE}.AppStore|iPhone.ActiveCfg = Release|Any CPU
		{3E2BF1F6-4E6C-4135-8F84-5A7705D7FCCE}.AppStore|iPhone.Build.0 = Release|Any CPU
		{3E2BF1F6-4E6C-4135-8F84-5A7705D7FCCE}.AppStore|iPhone.Deploy.0 = Release|Any CPU
		{3E2BF1F6-4E6C-4135-8F84-5A7705D7FCCE}.AppStore|iPhoneSimulator.ActiveCfg = Release|Any CPU
		{3E2BF1F6-4E6C-4135-8F84-5A7705D7FCCE}.AppStore|iPhoneSimulator.Build.0 = Release|Any CPU
		{3E2BF1F6-4E6C-4135-8F84-5A7705D7FCCE}.AppStore|iPhoneSimulator.Deploy.0 = Release|Any CPU
		{3E2BF1F6-4E6C-4135-8F84-5A7705D7FCCE}.AppStore|x64.ActiveCfg = Release|Any CPU
		{3E2BF1F6-4E6C-4135-8F84-5A7705D7FCCE}.AppStore|x64.Build.0 = Release|Any CPU
		{3E2BF1F6-4E6C-4135-8F84-5A7705D7FCCE}.AppStore|x64.Deploy.0 = Release|Any CPU
		{3E2BF1F6-4E6C-4135-8F84-5A7705D7FCCE}.AppStore|x86.ActiveCfg = Release|Any CPU
		{3E2BF1F6-4E6C-4135-8F84-5A7705D7FCCE}.AppStore|x86.Build.0 = Release|Any CPU
		{3E2BF1F6-4E6C-4135-8F84-5A7705D7FCCE}.AppStore|x86.Deploy.0 = Release|Any CPU
		{3E2BF1F6-4E6C-4135-8F84-5A7705D7FCCE}.Debug|Any CPU.ActiveCfg = Debug|Any CPU
		{3E2BF1F6-4E6C-4135-8F84-5A7705D7FCCE}.Debug|Any CPU.Build.0 = Debug|Any CPU
		{3E2BF1F6-4E6C-4135-8F84-5A7705D7FCCE}.Debug|Any CPU.Deploy.0 = Debug|Any CPU
		{3E2BF1F6-4E6C-4135-8F84-5A7705D7FCCE}.Debug|ARM.ActiveCfg = Debug|Any CPU
		{3E2BF1F6-4E6C-4135-8F84-5A7705D7FCCE}.Debug|ARM.Build.0 = Debug|Any CPU
		{3E2BF1F6-4E6C-4135-8F84-5A7705D7FCCE}.Debug|ARM.Deploy.0 = Debug|Any CPU
		{3E2BF1F6-4E6C-4135-8F84-5A7705D7FCCE}.Debug|iPhone.ActiveCfg = Debug|Any CPU
		{3E2BF1F6-4E6C-4135-8F84-5A7705D7FCCE}.Debug|iPhone.Build.0 = Debug|Any CPU
		{3E2BF1F6-4E6C-4135-8F84-5A7705D7FCCE}.Debug|iPhone.Deploy.0 = Debug|Any CPU
		{3E2BF1F6-4E6C-4135-8F84-5A7705D7FCCE}.Debug|iPhoneSimulator.ActiveCfg = Debug|Any CPU
		{3E2BF1F6-4E6C-4135-8F84-5A7705D7FCCE}.Debug|iPhoneSimulator.Build.0 = Debug|Any CPU
		{3E2BF1F6-4E6C-4135-8F84-5A7705D7FCCE}.Debug|iPhoneSimulator.Deploy.0 = Debug|Any CPU
		{3E2BF1F6-4E6C-4135-8F84-5A7705D7FCCE}.Debug|x64.ActiveCfg = Debug|Any CPU
		{3E2BF1F6-4E6C-4135-8F84-5A7705D7FCCE}.Debug|x64.Build.0 = Debug|Any CPU
		{3E2BF1F6-4E6C-4135-8F84-5A7705D7FCCE}.Debug|x64.Deploy.0 = Debug|Any CPU
		{3E2BF1F6-4E6C-4135-8F84-5A7705D7FCCE}.Debug|x86.ActiveCfg = Debug|Any CPU
		{3E2BF1F6-4E6C-4135-8F84-5A7705D7FCCE}.Debug|x86.Build.0 = Debug|Any CPU
		{3E2BF1F6-4E6C-4135-8F84-5A7705D7FCCE}.Debug|x86.Deploy.0 = Debug|Any CPU
		{3E2BF1F6-4E6C-4135-8F84-5A7705D7FCCE}.Release|Any CPU.ActiveCfg = Release|Any CPU
		{3E2BF1F6-4E6C-4135-8F84-5A7705D7FCCE}.Release|Any CPU.Build.0 = Release|Any CPU
		{3E2BF1F6-4E6C-4135-8F84-5A7705D7FCCE}.Release|Any CPU.Deploy.0 = Release|Any CPU
		{3E2BF1F6-4E6C-4135-8F84-5A7705D7FCCE}.Release|ARM.ActiveCfg = Release|Any CPU
		{3E2BF1F6-4E6C-4135-8F84-5A7705D7FCCE}.Release|ARM.Build.0 = Release|Any CPU
		{3E2BF1F6-4E6C-4135-8F84-5A7705D7FCCE}.Release|ARM.Deploy.0 = Release|Any CPU
		{3E2BF1F6-4E6C-4135-8F84-5A7705D7FCCE}.Release|iPhone.ActiveCfg = Release|Any CPU
		{3E2BF1F6-4E6C-4135-8F84-5A7705D7FCCE}.Release|iPhone.Build.0 = Release|Any CPU
		{3E2BF1F6-4E6C-4135-8F84-5A7705D7FCCE}.Release|iPhone.Deploy.0 = Release|Any CPU
		{3E2BF1F6-4E6C-4135-8F84-5A7705D7FCCE}.Release|iPhoneSimulator.ActiveCfg = Release|Any CPU
		{3E2BF1F6-4E6C-4135-8F84-5A7705D7FCCE}.Release|iPhoneSimulator.Build.0 = Release|Any CPU
		{3E2BF1F6-4E6C-4135-8F84-5A7705D7FCCE}.Release|iPhoneSimulator.Deploy.0 = Release|Any CPU
		{3E2BF1F6-4E6C-4135-8F84-5A7705D7FCCE}.Release|x64.ActiveCfg = Release|Any CPU
		{3E2BF1F6-4E6C-4135-8F84-5A7705D7FCCE}.Release|x64.Build.0 = Release|Any CPU
		{3E2BF1F6-4E6C-4135-8F84-5A7705D7FCCE}.Release|x64.Deploy.0 = Release|Any CPU
		{3E2BF1F6-4E6C-4135-8F84-5A7705D7FCCE}.Release|x86.ActiveCfg = Release|Any CPU
		{3E2BF1F6-4E6C-4135-8F84-5A7705D7FCCE}.Release|x86.Build.0 = Release|Any CPU
		{3E2BF1F6-4E6C-4135-8F84-5A7705D7FCCE}.Release|x86.Deploy.0 = Release|Any CPU
		{E951AC0F-28D4-4BF6-8181-44E1218D584A}.Ad-Hoc|Any CPU.ActiveCfg = Ad-Hoc|iPhone
		{E951AC0F-28D4-4BF6-8181-44E1218D584A}.Ad-Hoc|Any CPU.Build.0 = Ad-Hoc|iPhone
		{E951AC0F-28D4-4BF6-8181-44E1218D584A}.Ad-Hoc|Any CPU.Deploy.0 = Ad-Hoc|iPhone
		{E951AC0F-28D4-4BF6-8181-44E1218D584A}.Ad-Hoc|ARM.ActiveCfg = Ad-Hoc|iPhone
		{E951AC0F-28D4-4BF6-8181-44E1218D584A}.Ad-Hoc|ARM.Build.0 = Ad-Hoc|iPhone
		{E951AC0F-28D4-4BF6-8181-44E1218D584A}.Ad-Hoc|ARM.Deploy.0 = Ad-Hoc|iPhone
		{E951AC0F-28D4-4BF6-8181-44E1218D584A}.Ad-Hoc|iPhone.ActiveCfg = Ad-Hoc|iPhone
		{E951AC0F-28D4-4BF6-8181-44E1218D584A}.Ad-Hoc|iPhone.Build.0 = Ad-Hoc|iPhone
		{E951AC0F-28D4-4BF6-8181-44E1218D584A}.Ad-Hoc|iPhone.Deploy.0 = Ad-Hoc|iPhone
		{E951AC0F-28D4-4BF6-8181-44E1218D584A}.Ad-Hoc|iPhoneSimulator.ActiveCfg = Ad-Hoc|iPhoneSimulator
		{E951AC0F-28D4-4BF6-8181-44E1218D584A}.Ad-Hoc|iPhoneSimulator.Build.0 = Ad-Hoc|iPhoneSimulator
		{E951AC0F-28D4-4BF6-8181-44E1218D584A}.Ad-Hoc|iPhoneSimulator.Deploy.0 = Ad-Hoc|iPhoneSimulator
		{E951AC0F-28D4-4BF6-8181-44E1218D584A}.Ad-Hoc|x64.ActiveCfg = Ad-Hoc|iPhone
		{E951AC0F-28D4-4BF6-8181-44E1218D584A}.Ad-Hoc|x64.Build.0 = Ad-Hoc|iPhone
		{E951AC0F-28D4-4BF6-8181-44E1218D584A}.Ad-Hoc|x64.Deploy.0 = Ad-Hoc|iPhone
		{E951AC0F-28D4-4BF6-8181-44E1218D584A}.Ad-Hoc|x86.ActiveCfg = Ad-Hoc|iPhone
		{E951AC0F-28D4-4BF6-8181-44E1218D584A}.Ad-Hoc|x86.Build.0 = Ad-Hoc|iPhone
		{E951AC0F-28D4-4BF6-8181-44E1218D584A}.Ad-Hoc|x86.Deploy.0 = Ad-Hoc|iPhone
		{E951AC0F-28D4-4BF6-8181-44E1218D584A}.AppStore|Any CPU.ActiveCfg = AppStore|iPhone
		{E951AC0F-28D4-4BF6-8181-44E1218D584A}.AppStore|Any CPU.Build.0 = AppStore|iPhone
		{E951AC0F-28D4-4BF6-8181-44E1218D584A}.AppStore|Any CPU.Deploy.0 = AppStore|iPhone
		{E951AC0F-28D4-4BF6-8181-44E1218D584A}.AppStore|ARM.ActiveCfg = AppStore|iPhone
		{E951AC0F-28D4-4BF6-8181-44E1218D584A}.AppStore|ARM.Build.0 = AppStore|iPhone
		{E951AC0F-28D4-4BF6-8181-44E1218D584A}.AppStore|ARM.Deploy.0 = AppStore|iPhone
		{E951AC0F-28D4-4BF6-8181-44E1218D584A}.AppStore|iPhone.ActiveCfg = AppStore|iPhone
		{E951AC0F-28D4-4BF6-8181-44E1218D584A}.AppStore|iPhone.Build.0 = AppStore|iPhone
		{E951AC0F-28D4-4BF6-8181-44E1218D584A}.AppStore|iPhone.Deploy.0 = AppStore|iPhone
		{E951AC0F-28D4-4BF6-8181-44E1218D584A}.AppStore|iPhoneSimulator.ActiveCfg = AppStore|iPhoneSimulator
		{E951AC0F-28D4-4BF6-8181-44E1218D584A}.AppStore|iPhoneSimulator.Build.0 = AppStore|iPhoneSimulator
		{E951AC0F-28D4-4BF6-8181-44E1218D584A}.AppStore|iPhoneSimulator.Deploy.0 = AppStore|iPhoneSimulator
		{E951AC0F-28D4-4BF6-8181-44E1218D584A}.AppStore|x64.ActiveCfg = AppStore|iPhone
		{E951AC0F-28D4-4BF6-8181-44E1218D584A}.AppStore|x64.Build.0 = AppStore|iPhone
		{E951AC0F-28D4-4BF6-8181-44E1218D584A}.AppStore|x64.Deploy.0 = AppStore|iPhone
		{E951AC0F-28D4-4BF6-8181-44E1218D584A}.AppStore|x86.ActiveCfg = AppStore|iPhone
		{E951AC0F-28D4-4BF6-8181-44E1218D584A}.AppStore|x86.Build.0 = AppStore|iPhone
		{E951AC0F-28D4-4BF6-8181-44E1218D584A}.AppStore|x86.Deploy.0 = AppStore|iPhone
		{E951AC0F-28D4-4BF6-8181-44E1218D584A}.Debug|Any CPU.ActiveCfg = Debug|iPhoneSimulator
		{E951AC0F-28D4-4BF6-8181-44E1218D584A}.Debug|Any CPU.Build.0 = Debug|iPhoneSimulator
		{E951AC0F-28D4-4BF6-8181-44E1218D584A}.Debug|Any CPU.Deploy.0 = Debug|iPhoneSimulator
		{E951AC0F-28D4-4BF6-8181-44E1218D584A}.Debug|ARM.ActiveCfg = Debug|iPhone
		{E951AC0F-28D4-4BF6-8181-44E1218D584A}.Debug|ARM.Build.0 = Debug|iPhone
		{E951AC0F-28D4-4BF6-8181-44E1218D584A}.Debug|ARM.Deploy.0 = Debug|iPhone
		{E951AC0F-28D4-4BF6-8181-44E1218D584A}.Debug|iPhone.ActiveCfg = Debug|iPhone
		{E951AC0F-28D4-4BF6-8181-44E1218D584A}.Debug|iPhone.Build.0 = Debug|iPhone
		{E951AC0F-28D4-4BF6-8181-44E1218D584A}.Debug|iPhone.Deploy.0 = Debug|iPhone
		{E951AC0F-28D4-4BF6-8181-44E1218D584A}.Debug|iPhoneSimulator.ActiveCfg = Debug|iPhoneSimulator
		{E951AC0F-28D4-4BF6-8181-44E1218D584A}.Debug|iPhoneSimulator.Build.0 = Debug|iPhoneSimulator
		{E951AC0F-28D4-4BF6-8181-44E1218D584A}.Debug|iPhoneSimulator.Deploy.0 = Debug|iPhoneSimulator
		{E951AC0F-28D4-4BF6-8181-44E1218D584A}.Debug|x64.ActiveCfg = Debug|iPhone
		{E951AC0F-28D4-4BF6-8181-44E1218D584A}.Debug|x64.Build.0 = Debug|iPhone
		{E951AC0F-28D4-4BF6-8181-44E1218D584A}.Debug|x64.Deploy.0 = Debug|iPhone
		{E951AC0F-28D4-4BF6-8181-44E1218D584A}.Debug|x86.ActiveCfg = Debug|iPhone
		{E951AC0F-28D4-4BF6-8181-44E1218D584A}.Debug|x86.Build.0 = Debug|iPhone
		{E951AC0F-28D4-4BF6-8181-44E1218D584A}.Debug|x86.Deploy.0 = Debug|iPhone
		{E951AC0F-28D4-4BF6-8181-44E1218D584A}.Release|Any CPU.ActiveCfg = Release|iPhone
		{E951AC0F-28D4-4BF6-8181-44E1218D584A}.Release|Any CPU.Build.0 = Release|iPhone
		{E951AC0F-28D4-4BF6-8181-44E1218D584A}.Release|Any CPU.Deploy.0 = Release|iPhone
		{E951AC0F-28D4-4BF6-8181-44E1218D584A}.Release|ARM.ActiveCfg = Release|iPhone
		{E951AC0F-28D4-4BF6-8181-44E1218D584A}.Release|ARM.Build.0 = Release|iPhone
		{E951AC0F-28D4-4BF6-8181-44E1218D584A}.Release|ARM.Deploy.0 = Release|iPhone
		{E951AC0F-28D4-4BF6-8181-44E1218D584A}.Release|iPhone.ActiveCfg = Release|iPhone
		{E951AC0F-28D4-4BF6-8181-44E1218D584A}.Release|iPhone.Build.0 = Release|iPhone
		{E951AC0F-28D4-4BF6-8181-44E1218D584A}.Release|iPhone.Deploy.0 = Release|iPhone
		{E951AC0F-28D4-4BF6-8181-44E1218D584A}.Release|iPhoneSimulator.ActiveCfg = Release|iPhoneSimulator
		{E951AC0F-28D4-4BF6-8181-44E1218D584A}.Release|iPhoneSimulator.Build.0 = Release|iPhoneSimulator
		{E951AC0F-28D4-4BF6-8181-44E1218D584A}.Release|iPhoneSimulator.Deploy.0 = Release|iPhoneSimulator
		{E951AC0F-28D4-4BF6-8181-44E1218D584A}.Release|x64.ActiveCfg = Release|iPhone
		{E951AC0F-28D4-4BF6-8181-44E1218D584A}.Release|x64.Build.0 = Release|iPhone
		{E951AC0F-28D4-4BF6-8181-44E1218D584A}.Release|x64.Deploy.0 = Release|iPhone
		{E951AC0F-28D4-4BF6-8181-44E1218D584A}.Release|x86.ActiveCfg = Release|iPhone
		{E951AC0F-28D4-4BF6-8181-44E1218D584A}.Release|x86.Build.0 = Release|iPhone
		{E951AC0F-28D4-4BF6-8181-44E1218D584A}.Release|x86.Deploy.0 = Release|iPhone
		{A006D9D7-90EC-4562-88EF-86797A5CC107}.Ad-Hoc|Any CPU.ActiveCfg = Release|x86
		{A006D9D7-90EC-4562-88EF-86797A5CC107}.Ad-Hoc|Any CPU.Build.0 = Release|x86
		{A006D9D7-90EC-4562-88EF-86797A5CC107}.Ad-Hoc|Any CPU.Deploy.0 = Release|x86
		{A006D9D7-90EC-4562-88EF-86797A5CC107}.Ad-Hoc|ARM.ActiveCfg = Release|ARM
		{A006D9D7-90EC-4562-88EF-86797A5CC107}.Ad-Hoc|ARM.Build.0 = Release|ARM
		{A006D9D7-90EC-4562-88EF-86797A5CC107}.Ad-Hoc|ARM.Deploy.0 = Release|ARM
		{A006D9D7-90EC-4562-88EF-86797A5CC107}.Ad-Hoc|iPhone.ActiveCfg = Release|x86
		{A006D9D7-90EC-4562-88EF-86797A5CC107}.Ad-Hoc|iPhone.Build.0 = Release|x86
		{A006D9D7-90EC-4562-88EF-86797A5CC107}.Ad-Hoc|iPhone.Deploy.0 = Release|x86
		{A006D9D7-90EC-4562-88EF-86797A5CC107}.Ad-Hoc|iPhoneSimulator.ActiveCfg = Release|x86
		{A006D9D7-90EC-4562-88EF-86797A5CC107}.Ad-Hoc|iPhoneSimulator.Build.0 = Release|x86
		{A006D9D7-90EC-4562-88EF-86797A5CC107}.Ad-Hoc|iPhoneSimulator.Deploy.0 = Release|x86
		{A006D9D7-90EC-4562-88EF-86797A5CC107}.Ad-Hoc|x64.ActiveCfg = Release|x64
		{A006D9D7-90EC-4562-88EF-86797A5CC107}.Ad-Hoc|x64.Build.0 = Release|x64
		{A006D9D7-90EC-4562-88EF-86797A5CC107}.Ad-Hoc|x64.Deploy.0 = Release|x64
		{A006D9D7-90EC-4562-88EF-86797A5CC107}.Ad-Hoc|x86.ActiveCfg = Release|x86
		{A006D9D7-90EC-4562-88EF-86797A5CC107}.Ad-Hoc|x86.Build.0 = Release|x86
		{A006D9D7-90EC-4562-88EF-86797A5CC107}.Ad-Hoc|x86.Deploy.0 = Release|x86
		{A006D9D7-90EC-4562-88EF-86797A5CC107}.AppStore|Any CPU.ActiveCfg = Release|x86
		{A006D9D7-90EC-4562-88EF-86797A5CC107}.AppStore|Any CPU.Build.0 = Release|x86
		{A006D9D7-90EC-4562-88EF-86797A5CC107}.AppStore|Any CPU.Deploy.0 = Release|x86
		{A006D9D7-90EC-4562-88EF-86797A5CC107}.AppStore|ARM.ActiveCfg = Release|ARM
		{A006D9D7-90EC-4562-88EF-86797A5CC107}.AppStore|ARM.Build.0 = Release|ARM
		{A006D9D7-90EC-4562-88EF-86797A5CC107}.AppStore|ARM.Deploy.0 = Release|ARM
		{A006D9D7-90EC-4562-88EF-86797A5CC107}.AppStore|iPhone.ActiveCfg = Release|x86
		{A006D9D7-90EC-4562-88EF-86797A5CC107}.AppStore|iPhone.Build.0 = Release|x86
		{A006D9D7-90EC-4562-88EF-86797A5CC107}.AppStore|iPhone.Deploy.0 = Release|x86
		{A006D9D7-90EC-4562-88EF-86797A5CC107}.AppStore|iPhoneSimulator.ActiveCfg = Release|x86
		{A006D9D7-90EC-4562-88EF-86797A5CC107}.AppStore|iPhoneSimulator.Build.0 = Release|x86
		{A006D9D7-90EC-4562-88EF-86797A5CC107}.AppStore|iPhoneSimulator.Deploy.0 = Release|x86
		{A006D9D7-90EC-4562-88EF-86797A5CC107}.AppStore|x64.ActiveCfg = Release|x64
		{A006D9D7-90EC-4562-88EF-86797A5CC107}.AppStore|x64.Build.0 = Release|x64
		{A006D9D7-90EC-4562-88EF-86797A5CC107}.AppStore|x64.Deploy.0 = Release|x64
		{A006D9D7-90EC-4562-88EF-86797A5CC107}.AppStore|x86.ActiveCfg = Release|x86
		{A006D9D7-90EC-4562-88EF-86797A5CC107}.AppStore|x86.Build.0 = Release|x86
		{A006D9D7-90EC-4562-88EF-86797A5CC107}.AppStore|x86.Deploy.0 = Release|x86
		{A006D9D7-90EC-4562-88EF-86797A5CC107}.Debug|Any CPU.ActiveCfg = Debug|x86
		{A006D9D7-90EC-4562-88EF-86797A5CC107}.Debug|Any CPU.Build.0 = Debug|x86
		{A006D9D7-90EC-4562-88EF-86797A5CC107}.Debug|Any CPU.Deploy.0 = Debug|x86
		{A006D9D7-90EC-4562-88EF-86797A5CC107}.Debug|ARM.ActiveCfg = Debug|ARM
		{A006D9D7-90EC-4562-88EF-86797A5CC107}.Debug|ARM.Build.0 = Debug|ARM
		{A006D9D7-90EC-4562-88EF-86797A5CC107}.Debug|ARM.Deploy.0 = Debug|ARM
		{A006D9D7-90EC-4562-88EF-86797A5CC107}.Debug|iPhone.ActiveCfg = Debug|x86
		{A006D9D7-90EC-4562-88EF-86797A5CC107}.Debug|iPhone.Build.0 = Debug|x86
		{A006D9D7-90EC-4562-88EF-86797A5CC107}.Debug|iPhone.Deploy.0 = Debug|x86
		{A006D9D7-90EC-4562-88EF-86797A5CC107}.Debug|iPhoneSimulator.ActiveCfg = Debug|x86
		{A006D9D7-90EC-4562-88EF-86797A5CC107}.Debug|iPhoneSimulator.Build.0 = Debug|x86
		{A006D9D7-90EC-4562-88EF-86797A5CC107}.Debug|iPhoneSimulator.Deploy.0 = Debug|x86
		{A006D9D7-90EC-4562-88EF-86797A5CC107}.Debug|x64.ActiveCfg = Debug|x64
		{A006D9D7-90EC-4562-88EF-86797A5CC107}.Debug|x64.Build.0 = Debug|x64
		{A006D9D7-90EC-4562-88EF-86797A5CC107}.Debug|x64.Deploy.0 = Debug|x64
		{A006D9D7-90EC-4562-88EF-86797A5CC107}.Debug|x86.ActiveCfg = Debug|x86
		{A006D9D7-90EC-4562-88EF-86797A5CC107}.Debug|x86.Build.0 = Debug|x86
		{A006D9D7-90EC-4562-88EF-86797A5CC107}.Debug|x86.Deploy.0 = Debug|x86
		{A006D9D7-90EC-4562-88EF-86797A5CC107}.Release|Any CPU.ActiveCfg = Release|x86
		{A006D9D7-90EC-4562-88EF-86797A5CC107}.Release|Any CPU.Build.0 = Release|x86
		{A006D9D7-90EC-4562-88EF-86797A5CC107}.Release|Any CPU.Deploy.0 = Release|x86
		{A006D9D7-90EC-4562-88EF-86797A5CC107}.Release|ARM.ActiveCfg = Release|ARM
		{A006D9D7-90EC-4562-88EF-86797A5CC107}.Release|ARM.Build.0 = Release|ARM
		{A006D9D7-90EC-4562-88EF-86797A5CC107}.Release|ARM.Deploy.0 = Release|ARM
		{A006D9D7-90EC-4562-88EF-86797A5CC107}.Release|iPhone.ActiveCfg = Release|x86
		{A006D9D7-90EC-4562-88EF-86797A5CC107}.Release|iPhone.Build.0 = Release|x86
		{A006D9D7-90EC-4562-88EF-86797A5CC107}.Release|iPhone.Deploy.0 = Release|x86
		{A006D9D7-90EC-4562-88EF-86797A5CC107}.Release|iPhoneSimulator.ActiveCfg = Release|x86
		{A006D9D7-90EC-4562-88EF-86797A5CC107}.Release|iPhoneSimulator.Build.0 = Release|x86
		{A006D9D7-90EC-4562-88EF-86797A5CC107}.Release|iPhoneSimulator.Deploy.0 = Release|x86
		{A006D9D7-90EC-4562-88EF-86797A5CC107}.Release|x64.ActiveCfg = Release|x64
		{A006D9D7-90EC-4562-88EF-86797A5CC107}.Release|x64.Build.0 = Release|x64
		{A006D9D7-90EC-4562-88EF-86797A5CC107}.Release|x64.Deploy.0 = Release|x64
		{A006D9D7-90EC-4562-88EF-86797A5CC107}.Release|x86.ActiveCfg = Release|x86
		{A006D9D7-90EC-4562-88EF-86797A5CC107}.Release|x86.Build.0 = Release|x86
		{A006D9D7-90EC-4562-88EF-86797A5CC107}.Release|x86.Deploy.0 = Release|x86
		{00BF3672-3ED4-40D7-80BF-9C2CC1F3EAF0}.Ad-Hoc|Any CPU.ActiveCfg = Debug|Any CPU
		{00BF3672-3ED4-40D7-80BF-9C2CC1F3EAF0}.Ad-Hoc|Any CPU.Build.0 = Debug|Any CPU
		{00BF3672-3ED4-40D7-80BF-9C2CC1F3EAF0}.Ad-Hoc|Any CPU.Deploy.0 = Debug|Any CPU
		{00BF3672-3ED4-40D7-80BF-9C2CC1F3EAF0}.Ad-Hoc|ARM.ActiveCfg = Debug|Any CPU
		{00BF3672-3ED4-40D7-80BF-9C2CC1F3EAF0}.Ad-Hoc|ARM.Build.0 = Debug|Any CPU
		{00BF3672-3ED4-40D7-80BF-9C2CC1F3EAF0}.Ad-Hoc|ARM.Deploy.0 = Debug|Any CPU
		{00BF3672-3ED4-40D7-80BF-9C2CC1F3EAF0}.Ad-Hoc|iPhone.ActiveCfg = Debug|Any CPU
		{00BF3672-3ED4-40D7-80BF-9C2CC1F3EAF0}.Ad-Hoc|iPhone.Build.0 = Debug|Any CPU
		{00BF3672-3ED4-40D7-80BF-9C2CC1F3EAF0}.Ad-Hoc|iPhone.Deploy.0 = Debug|Any CPU
		{00BF3672-3ED4-40D7-80BF-9C2CC1F3EAF0}.Ad-Hoc|iPhoneSimulator.ActiveCfg = Debug|Any CPU
		{00BF3672-3ED4-40D7-80BF-9C2CC1F3EAF0}.Ad-Hoc|iPhoneSimulator.Build.0 = Debug|Any CPU
		{00BF3672-3ED4-40D7-80BF-9C2CC1F3EAF0}.Ad-Hoc|iPhoneSimulator.Deploy.0 = Debug|Any CPU
		{00BF3672-3ED4-40D7-80BF-9C2CC1F3EAF0}.Ad-Hoc|x64.ActiveCfg = Debug|Any CPU
		{00BF3672-3ED4-40D7-80BF-9C2CC1F3EAF0}.Ad-Hoc|x64.Build.0 = Debug|Any CPU
		{00BF3672-3ED4-40D7-80BF-9C2CC1F3EAF0}.Ad-Hoc|x64.Deploy.0 = Debug|Any CPU
		{00BF3672-3ED4-40D7-80BF-9C2CC1F3EAF0}.Ad-Hoc|x86.ActiveCfg = Debug|Any CPU
		{00BF3672-3ED4-40D7-80BF-9C2CC1F3EAF0}.Ad-Hoc|x86.Build.0 = Debug|Any CPU
		{00BF3672-3ED4-40D7-80BF-9C2CC1F3EAF0}.Ad-Hoc|x86.Deploy.0 = Debug|Any CPU
		{00BF3672-3ED4-40D7-80BF-9C2CC1F3EAF0}.AppStore|Any CPU.ActiveCfg = Debug|Any CPU
		{00BF3672-3ED4-40D7-80BF-9C2CC1F3EAF0}.AppStore|Any CPU.Build.0 = Debug|Any CPU
		{00BF3672-3ED4-40D7-80BF-9C2CC1F3EAF0}.AppStore|Any CPU.Deploy.0 = Debug|Any CPU
		{00BF3672-3ED4-40D7-80BF-9C2CC1F3EAF0}.AppStore|ARM.ActiveCfg = Debug|Any CPU
		{00BF3672-3ED4-40D7-80BF-9C2CC1F3EAF0}.AppStore|ARM.Build.0 = Debug|Any CPU
		{00BF3672-3ED4-40D7-80BF-9C2CC1F3EAF0}.AppStore|ARM.Deploy.0 = Debug|Any CPU
		{00BF3672-3ED4-40D7-80BF-9C2CC1F3EAF0}.AppStore|iPhone.ActiveCfg = Debug|Any CPU
		{00BF3672-3ED4-40D7-80BF-9C2CC1F3EAF0}.AppStore|iPhone.Build.0 = Debug|Any CPU
		{00BF3672-3ED4-40D7-80BF-9C2CC1F3EAF0}.AppStore|iPhone.Deploy.0 = Debug|Any CPU
		{00BF3672-3ED4-40D7-80BF-9C2CC1F3EAF0}.AppStore|iPhoneSimulator.ActiveCfg = Debug|Any CPU
		{00BF3672-3ED4-40D7-80BF-9C2CC1F3EAF0}.AppStore|iPhoneSimulator.Build.0 = Debug|Any CPU
		{00BF3672-3ED4-40D7-80BF-9C2CC1F3EAF0}.AppStore|iPhoneSimulator.Deploy.0 = Debug|Any CPU
		{00BF3672-3ED4-40D7-80BF-9C2CC1F3EAF0}.AppStore|x64.ActiveCfg = Debug|Any CPU
		{00BF3672-3ED4-40D7-80BF-9C2CC1F3EAF0}.AppStore|x64.Build.0 = Debug|Any CPU
		{00BF3672-3ED4-40D7-80BF-9C2CC1F3EAF0}.AppStore|x64.Deploy.0 = Debug|Any CPU
		{00BF3672-3ED4-40D7-80BF-9C2CC1F3EAF0}.AppStore|x86.ActiveCfg = Debug|Any CPU
		{00BF3672-3ED4-40D7-80BF-9C2CC1F3EAF0}.AppStore|x86.Build.0 = Debug|Any CPU
		{00BF3672-3ED4-40D7-80BF-9C2CC1F3EAF0}.AppStore|x86.Deploy.0 = Debug|Any CPU
		{00BF3672-3ED4-40D7-80BF-9C2CC1F3EAF0}.Debug|Any CPU.ActiveCfg = Debug|Any CPU
		{00BF3672-3ED4-40D7-80BF-9C2CC1F3EAF0}.Debug|Any CPU.Build.0 = Debug|Any CPU
		{00BF3672-3ED4-40D7-80BF-9C2CC1F3EAF0}.Debug|Any CPU.Deploy.0 = Debug|Any CPU
		{00BF3672-3ED4-40D7-80BF-9C2CC1F3EAF0}.Debug|ARM.ActiveCfg = Debug|Any CPU
		{00BF3672-3ED4-40D7-80BF-9C2CC1F3EAF0}.Debug|ARM.Build.0 = Debug|Any CPU
		{00BF3672-3ED4-40D7-80BF-9C2CC1F3EAF0}.Debug|ARM.Deploy.0 = Debug|Any CPU
		{00BF3672-3ED4-40D7-80BF-9C2CC1F3EAF0}.Debug|iPhone.ActiveCfg = Debug|Any CPU
		{00BF3672-3ED4-40D7-80BF-9C2CC1F3EAF0}.Debug|iPhone.Build.0 = Debug|Any CPU
		{00BF3672-3ED4-40D7-80BF-9C2CC1F3EAF0}.Debug|iPhone.Deploy.0 = Debug|Any CPU
		{00BF3672-3ED4-40D7-80BF-9C2CC1F3EAF0}.Debug|iPhoneSimulator.ActiveCfg = Debug|Any CPU
		{00BF3672-3ED4-40D7-80BF-9C2CC1F3EAF0}.Debug|iPhoneSimulator.Build.0 = Debug|Any CPU
		{00BF3672-3ED4-40D7-80BF-9C2CC1F3EAF0}.Debug|iPhoneSimulator.Deploy.0 = Debug|Any CPU
		{00BF3672-3ED4-40D7-80BF-9C2CC1F3EAF0}.Debug|x64.ActiveCfg = Debug|Any CPU
		{00BF3672-3ED4-40D7-80BF-9C2CC1F3EAF0}.Debug|x64.Build.0 = Debug|Any CPU
		{00BF3672-3ED4-40D7-80BF-9C2CC1F3EAF0}.Debug|x64.Deploy.0 = Debug|Any CPU
		{00BF3672-3ED4-40D7-80BF-9C2CC1F3EAF0}.Debug|x86.ActiveCfg = Debug|Any CPU
		{00BF3672-3ED4-40D7-80BF-9C2CC1F3EAF0}.Debug|x86.Build.0 = Debug|Any CPU
		{00BF3672-3ED4-40D7-80BF-9C2CC1F3EAF0}.Debug|x86.Deploy.0 = Debug|Any CPU
		{00BF3672-3ED4-40D7-80BF-9C2CC1F3EAF0}.Release|Any CPU.ActiveCfg = Release|Any CPU
		{00BF3672-3ED4-40D7-80BF-9C2CC1F3EAF0}.Release|Any CPU.Build.0 = Release|Any CPU
		{00BF3672-3ED4-40D7-80BF-9C2CC1F3EAF0}.Release|Any CPU.Deploy.0 = Release|Any CPU
		{00BF3672-3ED4-40D7-80BF-9C2CC1F3EAF0}.Release|ARM.ActiveCfg = Release|Any CPU
		{00BF3672-3ED4-40D7-80BF-9C2CC1F3EAF0}.Release|ARM.Build.0 = Release|Any CPU
		{00BF3672-3ED4-40D7-80BF-9C2CC1F3EAF0}.Release|ARM.Deploy.0 = Release|Any CPU
		{00BF3672-3ED4-40D7-80BF-9C2CC1F3EAF0}.Release|iPhone.ActiveCfg = Release|Any CPU
		{00BF3672-3ED4-40D7-80BF-9C2CC1F3EAF0}.Release|iPhone.Build.0 = Release|Any CPU
		{00BF3672-3ED4-40D7-80BF-9C2CC1F3EAF0}.Release|iPhone.Deploy.0 = Release|Any CPU
		{00BF3672-3ED4-40D7-80BF-9C2CC1F3EAF0}.Release|iPhoneSimulator.ActiveCfg = Release|Any CPU
		{00BF3672-3ED4-40D7-80BF-9C2CC1F3EAF0}.Release|iPhoneSimulator.Build.0 = Release|Any CPU
		{00BF3672-3ED4-40D7-80BF-9C2CC1F3EAF0}.Release|iPhoneSimulator.Deploy.0 = Release|Any CPU
		{00BF3672-3ED4-40D7-80BF-9C2CC1F3EAF0}.Release|x64.ActiveCfg = Release|Any CPU
		{00BF3672-3ED4-40D7-80BF-9C2CC1F3EAF0}.Release|x64.Build.0 = Release|Any CPU
		{00BF3672-3ED4-40D7-80BF-9C2CC1F3EAF0}.Release|x64.Deploy.0 = Release|Any CPU
		{00BF3672-3ED4-40D7-80BF-9C2CC1F3EAF0}.Release|x86.ActiveCfg = Release|Any CPU
		{00BF3672-3ED4-40D7-80BF-9C2CC1F3EAF0}.Release|x86.Build.0 = Release|Any CPU
		{00BF3672-3ED4-40D7-80BF-9C2CC1F3EAF0}.Release|x86.Deploy.0 = Release|Any CPU
	EndGlobalSection
	GlobalSection(SolutionProperties) = preSolution
		HideSolutionNode = FALSE
	EndGlobalSection
	GlobalSection(ExtensibilityGlobals) = postSolution
		SolutionGuid = {B8CC9279-7B6D-4912-84CF-E641423BC063}
	EndGlobalSection
EndGlobal
